// !$*UTF8*$!
{
	archiveVersion = 1;
	classes = {
	};
	objectVersion = 50;
	objects = {

/* Begin PBXBuildFile section */
		E706DDCDEF1C2552C1017183 /* libPods-DemoInstagram.a in Frameworks */ = {isa = PBXBuildFile; fileRef = 1F0B94BBE7596F37FCE6B2E3 /* libPods-DemoInstagram.a */; };
		F2BAD18824BD808C009ED1E2 /* AppDelegate.swift in Sources */ = {isa = PBXBuildFile; fileRef = F2BAD18724BD808C009ED1E2 /* AppDelegate.swift */; };
		F2BAD18A24BD808C009ED1E2 /* SceneDelegate.swift in Sources */ = {isa = PBXBuildFile; fileRef = F2BAD18924BD808C009ED1E2 /* SceneDelegate.swift */; };
		F2BAD18C24BD808C009ED1E2 /* ContentView.swift in Sources */ = {isa = PBXBuildFile; fileRef = F2BAD18B24BD808C009ED1E2 /* ContentView.swift */; };
		F2BAD18E24BD808D009ED1E2 /* Assets.xcassets in Resources */ = {isa = PBXBuildFile; fileRef = F2BAD18D24BD808D009ED1E2 /* Assets.xcassets */; };
		F2BAD19124BD808D009ED1E2 /* Preview Assets.xcassets in Resources */ = {isa = PBXBuildFile; fileRef = F2BAD19024BD808D009ED1E2 /* Preview Assets.xcassets */; };
		F2BAD19424BD808D009ED1E2 /* LaunchScreen.storyboard in Resources */ = {isa = PBXBuildFile; fileRef = F2BAD19224BD808D009ED1E2 /* LaunchScreen.storyboard */; };
		F2BAD19F24BD808D009ED1E2 /* DemoInstagramTests.swift in Sources */ = {isa = PBXBuildFile; fileRef = F2BAD19E24BD808D009ED1E2 /* DemoInstagramTests.swift */; };
		F2BAD1AA24BD808D009ED1E2 /* DemoInstagramUITests.swift in Sources */ = {isa = PBXBuildFile; fileRef = F2BAD1A924BD808D009ED1E2 /* DemoInstagramUITests.swift */; };
		F2BAD1B824BD8204009ED1E2 /* GoogleService-Info.plist in Resources */ = {isa = PBXBuildFile; fileRef = F2BAD1B724BD8204009ED1E2 /* GoogleService-Info.plist */; };
/* End PBXBuildFile section */

/* Begin PBXContainerItemProxy section */
		F2BAD19B24BD808D009ED1E2 /* PBXContainerItemProxy */ = {
			isa = PBXContainerItemProxy;
			containerPortal = F2BAD17C24BD808C009ED1E2 /* Project object */;
			proxyType = 1;
			remoteGlobalIDString = F2BAD18324BD808C009ED1E2;
			remoteInfo = DemoInstagram;
		};
		F2BAD1A624BD808D009ED1E2 /* PBXContainerItemProxy */ = {
			isa = PBXContainerItemProxy;
			containerPortal = F2BAD17C24BD808C009ED1E2 /* Project object */;
			proxyType = 1;
			remoteGlobalIDString = F2BAD18324BD808C009ED1E2;
			remoteInfo = DemoInstagram;
		};
/* End PBXContainerItemProxy section */

/* Begin PBXFileReference section */
		1F0B94BBE7596F37FCE6B2E3 /* libPods-DemoInstagram.a */ = {isa = PBXFileReference; explicitFileType = archive.ar; includeInIndex = 0; path = "libPods-DemoInstagram.a"; sourceTree = BUILT_PRODUCTS_DIR; };
		2795B63694F6E857110678FD /* Pods-DemoInstagram.release.xcconfig */ = {isa = PBXFileReference; includeInIndex = 1; lastKnownFileType = text.xcconfig; name = "Pods-DemoInstagram.release.xcconfig"; path = "Target Support Files/Pods-DemoInstagram/Pods-DemoInstagram.release.xcconfig"; sourceTree = "<group>"; };
		324FDFE2B234FC8AC5DB5552 /* Pods-DemoInstagram.debug.xcconfig */ = {isa = PBXFileReference; includeInIndex = 1; lastKnownFileType = text.xcconfig; name = "Pods-DemoInstagram.debug.xcconfig"; path = "Target Support Files/Pods-DemoInstagram/Pods-DemoInstagram.debug.xcconfig"; sourceTree = "<group>"; };
		F2BAD18424BD808C009ED1E2 /* DemoInstagram.app */ = {isa = PBXFileReference; explicitFileType = wrapper.application; includeInIndex = 0; path = DemoInstagram.app; sourceTree = BUILT_PRODUCTS_DIR; };
		F2BAD18724BD808C009ED1E2 /* AppDelegate.swift */ = {isa = PBXFileReference; lastKnownFileType = sourcecode.swift; path = AppDelegate.swift; sourceTree = "<group>"; };
		F2BAD18924BD808C009ED1E2 /* SceneDelegate.swift */ = {isa = PBXFileReference; lastKnownFileType = sourcecode.swift; path = SceneDelegate.swift; sourceTree = "<group>"; };
		F2BAD18B24BD808C009ED1E2 /* ContentView.swift */ = {isa = PBXFileReference; lastKnownFileType = sourcecode.swift; path = ContentView.swift; sourceTree = "<group>"; };
		F2BAD18D24BD808D009ED1E2 /* Assets.xcassets */ = {isa = PBXFileReference; lastKnownFileType = folder.assetcatalog; path = Assets.xcassets; sourceTree = "<group>"; };
		F2BAD19024BD808D009ED1E2 /* Preview Assets.xcassets */ = {isa = PBXFileReference; lastKnownFileType = folder.assetcatalog; path = "Preview Assets.xcassets"; sourceTree = "<group>"; };
		F2BAD19324BD808D009ED1E2 /* Base */ = {isa = PBXFileReference; lastKnownFileType = file.storyboard; name = Base; path = Base.lproj/LaunchScreen.storyboard; sourceTree = "<group>"; };
		F2BAD19524BD808D009ED1E2 /* Info.plist */ = {isa = PBXFileReference; lastKnownFileType = text.plist.xml; path = Info.plist; sourceTree = "<group>"; };
		F2BAD19A24BD808D009ED1E2 /* DemoInstagramTests.xctest */ = {isa = PBXFileReference; explicitFileType = wrapper.cfbundle; includeInIndex = 0; path = DemoInstagramTests.xctest; sourceTree = BUILT_PRODUCTS_DIR; };
		F2BAD19E24BD808D009ED1E2 /* DemoInstagramTests.swift */ = {isa = PBXFileReference; lastKnownFileType = sourcecode.swift; path = DemoInstagramTests.swift; sourceTree = "<group>"; };
		F2BAD1A024BD808D009ED1E2 /* Info.plist */ = {isa = PBXFileReference; lastKnownFileType = text.plist.xml; path = Info.plist; sourceTree = "<group>"; };
		F2BAD1A524BD808D009ED1E2 /* DemoInstagramUITests.xctest */ = {isa = PBXFileReference; explicitFileType = wrapper.cfbundle; includeInIndex = 0; path = DemoInstagramUITests.xctest; sourceTree = BUILT_PRODUCTS_DIR; };
		F2BAD1A924BD808D009ED1E2 /* DemoInstagramUITests.swift */ = {isa = PBXFileReference; lastKnownFileType = sourcecode.swift; path = DemoInstagramUITests.swift; sourceTree = "<group>"; };
		F2BAD1AB24BD808D009ED1E2 /* Info.plist */ = {isa = PBXFileReference; lastKnownFileType = text.plist.xml; path = Info.plist; sourceTree = "<group>"; };
		F2BAD1B724BD8204009ED1E2 /* GoogleService-Info.plist */ = {isa = PBXFileReference; fileEncoding = 4; lastKnownFileType = text.plist.xml; path = "GoogleService-Info.plist"; sourceTree = "<group>"; };
/* End PBXFileReference section */

/* Begin PBXFrameworksBuildPhase section */
		F2BAD18124BD808C009ED1E2 /* Frameworks */ = {
			isa = PBXFrameworksBuildPhase;
			buildActionMask = 2147483647;
			files = (
				E706DDCDEF1C2552C1017183 /* libPods-DemoInstagram.a in Frameworks */,
			);
			runOnlyForDeploymentPostprocessing = 0;
		};
		F2BAD19724BD808D009ED1E2 /* Frameworks */ = {
			isa = PBXFrameworksBuildPhase;
			buildActionMask = 2147483647;
			files = (
			);
			runOnlyForDeploymentPostprocessing = 0;
		};
		F2BAD1A224BD808D009ED1E2 /* Frameworks */ = {
			isa = PBXFrameworksBuildPhase;
			buildActionMask = 2147483647;
			files = (
			);
			runOnlyForDeploymentPostprocessing = 0;
		};
/* End PBXFrameworksBuildPhase section */

/* Begin PBXGroup section */
		05E5DFC668619AF0C71F3DD1 /* Pods */ = {
			isa = PBXGroup;
			children = (
				324FDFE2B234FC8AC5DB5552 /* Pods-DemoInstagram.debug.xcconfig */,
				2795B63694F6E857110678FD /* Pods-DemoInstagram.release.xcconfig */,
			);
			name = Pods;
			path = Pods;
			sourceTree = "<group>";
		};
		8FCD2B8F09991DB6CFB1C7FB /* Frameworks */ = {
			isa = PBXGroup;
			children = (
				1F0B94BBE7596F37FCE6B2E3 /* libPods-DemoInstagram.a */,
			);
			name = Frameworks;
			sourceTree = "<group>";
		};
		F2BAD17B24BD808C009ED1E2 = {
			isa = PBXGroup;
			children = (
				F2BAD18624BD808C009ED1E2 /* DemoInstagram */,
				F2BAD19D24BD808D009ED1E2 /* DemoInstagramTests */,
				F2BAD1A824BD808D009ED1E2 /* DemoInstagramUITests */,
				F2BAD18524BD808C009ED1E2 /* Products */,
				05E5DFC668619AF0C71F3DD1 /* Pods */,
				8FCD2B8F09991DB6CFB1C7FB /* Frameworks */,
			);
			sourceTree = "<group>";
		};
		F2BAD18524BD808C009ED1E2 /* Products */ = {
			isa = PBXGroup;
			children = (
				F2BAD18424BD808C009ED1E2 /* DemoInstagram.app */,
				F2BAD19A24BD808D009ED1E2 /* DemoInstagramTests.xctest */,
				F2BAD1A524BD808D009ED1E2 /* DemoInstagramUITests.xctest */,
			);
			name = Products;
			sourceTree = "<group>";
		};
		F2BAD18624BD808C009ED1E2 /* DemoInstagram */ = {
			isa = PBXGroup;
			children = (
				F2BAD18724BD808C009ED1E2 /* AppDelegate.swift */,
				F2BAD18924BD808C009ED1E2 /* SceneDelegate.swift */,
				F2BAD1B724BD8204009ED1E2 /* GoogleService-Info.plist */,
				F2BAD18B24BD808C009ED1E2 /* ContentView.swift */,
				F2BAD18D24BD808D009ED1E2 /* Assets.xcassets */,
				F2BAD19224BD808D009ED1E2 /* LaunchScreen.storyboard */,
				F2BAD19524BD808D009ED1E2 /* Info.plist */,
				F2BAD18F24BD808D009ED1E2 /* Preview Content */,
			);
			path = DemoInstagram;
			sourceTree = "<group>";
		};
		F2BAD18F24BD808D009ED1E2 /* Preview Content */ = {
			isa = PBXGroup;
			children = (
				F2BAD19024BD808D009ED1E2 /* Preview Assets.xcassets */,
			);
			path = "Preview Content";
			sourceTree = "<group>";
		};
		F2BAD19D24BD808D009ED1E2 /* DemoInstagramTests */ = {
			isa = PBXGroup;
			children = (
				F2BAD19E24BD808D009ED1E2 /* DemoInstagramTests.swift */,
				F2BAD1A024BD808D009ED1E2 /* Info.plist */,
			);
			path = DemoInstagramTests;
			sourceTree = "<group>";
		};
		F2BAD1A824BD808D009ED1E2 /* DemoInstagramUITests */ = {
			isa = PBXGroup;
			children = (
				F2BAD1A924BD808D009ED1E2 /* DemoInstagramUITests.swift */,
				F2BAD1AB24BD808D009ED1E2 /* Info.plist */,
			);
			path = DemoInstagramUITests;
			sourceTree = "<group>";
		};
/* End PBXGroup section */

/* Begin PBXNativeTarget section */
		F2BAD18324BD808C009ED1E2 /* DemoInstagram */ = {
			isa = PBXNativeTarget;
			buildConfigurationList = F2BAD1AE24BD808D009ED1E2 /* Build configuration list for PBXNativeTarget "DemoInstagram" */;
			buildPhases = (
				BCDE7CFB87D629FB9CEFF7F9 /* [CP] Check Pods Manifest.lock */,
				F2BAD18024BD808C009ED1E2 /* Sources */,
				F2BAD18124BD808C009ED1E2 /* Frameworks */,
				F2BAD18224BD808C009ED1E2 /* Resources */,
				6DD799420951FC00BE86E1E9 /* [CP] Copy Pods Resources */,
			);
			buildRules = (
			);
			dependencies = (
			);
			name = DemoInstagram;
			productName = DemoInstagram;
			productReference = F2BAD18424BD808C009ED1E2 /* DemoInstagram.app */;
			productType = "com.apple.product-type.application";
		};
		F2BAD19924BD808D009ED1E2 /* DemoInstagramTests */ = {
			isa = PBXNativeTarget;
			buildConfigurationList = F2BAD1B124BD808D009ED1E2 /* Build configuration list for PBXNativeTarget "DemoInstagramTests" */;
			buildPhases = (
				F2BAD19624BD808D009ED1E2 /* Sources */,
				F2BAD19724BD808D009ED1E2 /* Frameworks */,
				F2BAD19824BD808D009ED1E2 /* Resources */,
			);
			buildRules = (
			);
			dependencies = (
				F2BAD19C24BD808D009ED1E2 /* PBXTargetDependency */,
			);
			name = DemoInstagramTests;
			productName = DemoInstagramTests;
			productReference = F2BAD19A24BD808D009ED1E2 /* DemoInstagramTests.xctest */;
			productType = "com.apple.product-type.bundle.unit-test";
		};
		F2BAD1A424BD808D009ED1E2 /* DemoInstagramUITests */ = {
			isa = PBXNativeTarget;
			buildConfigurationList = F2BAD1B424BD808D009ED1E2 /* Build configuration list for PBXNativeTarget "DemoInstagramUITests" */;
			buildPhases = (
				F2BAD1A124BD808D009ED1E2 /* Sources */,
				F2BAD1A224BD808D009ED1E2 /* Frameworks */,
				F2BAD1A324BD808D009ED1E2 /* Resources */,
			);
			buildRules = (
			);
			dependencies = (
				F2BAD1A724BD808D009ED1E2 /* PBXTargetDependency */,
			);
			name = DemoInstagramUITests;
			productName = DemoInstagramUITests;
			productReference = F2BAD1A524BD808D009ED1E2 /* DemoInstagramUITests.xctest */;
			productType = "com.apple.product-type.bundle.ui-testing";
		};
/* End PBXNativeTarget section */

/* Begin PBXProject section */
		F2BAD17C24BD808C009ED1E2 /* Project object */ = {
			isa = PBXProject;
			attributes = {
				LastSwiftUpdateCheck = 1150;
				LastUpgradeCheck = 1150;
				ORGANIZATIONNAME = "Bao Vu";
				TargetAttributes = {
					F2BAD18324BD808C009ED1E2 = {
						CreatedOnToolsVersion = 11.5;
					};
					F2BAD19924BD808D009ED1E2 = {
						CreatedOnToolsVersion = 11.5;
						TestTargetID = F2BAD18324BD808C009ED1E2;
					};
					F2BAD1A424BD808D009ED1E2 = {
						CreatedOnToolsVersion = 11.5;
						TestTargetID = F2BAD18324BD808C009ED1E2;
					};
				};
			};
			buildConfigurationList = F2BAD17F24BD808C009ED1E2 /* Build configuration list for PBXProject "DemoInstagram" */;
			compatibilityVersion = "Xcode 9.3";
			developmentRegion = en;
			hasScannedForEncodings = 0;
			knownRegions = (
				en,
				Base,
			);
			mainGroup = F2BAD17B24BD808C009ED1E2;
			productRefGroup = F2BAD18524BD808C009ED1E2 /* Products */;
			projectDirPath = "";
			projectRoot = "";
			targets = (
				F2BAD18324BD808C009ED1E2 /* DemoInstagram */,
				F2BAD19924BD808D009ED1E2 /* DemoInstagramTests */,
				F2BAD1A424BD808D009ED1E2 /* DemoInstagramUITests */,
			);
		};
/* End PBXProject section */

/* Begin PBXResourcesBuildPhase section */
		F2BAD18224BD808C009ED1E2 /* Resources */ = {
			isa = PBXResourcesBuildPhase;
			buildActionMask = 2147483647;
			files = (
				F2BAD19424BD808D009ED1E2 /* LaunchScreen.storyboard in Resources */,
				F2BAD19124BD808D009ED1E2 /* Preview Assets.xcassets in Resources */,
				F2BAD1B824BD8204009ED1E2 /* GoogleService-Info.plist in Resources */,
				F2BAD18E24BD808D009ED1E2 /* Assets.xcassets in Resources */,
			);
			runOnlyForDeploymentPostprocessing = 0;
		};
		F2BAD19824BD808D009ED1E2 /* Resources */ = {
			isa = PBXResourcesBuildPhase;
			buildActionMask = 2147483647;
			files = (
			);
			runOnlyForDeploymentPostprocessing = 0;
		};
		F2BAD1A324BD808D009ED1E2 /* Resources */ = {
			isa = PBXResourcesBuildPhase;
			buildActionMask = 2147483647;
			files = (
			);
			runOnlyForDeploymentPostprocessing = 0;
		};
/* End PBXResourcesBuildPhase section */

/* Begin PBXShellScriptBuildPhase section */
		6DD799420951FC00BE86E1E9 /* [CP] Copy Pods Resources */ = {
			isa = PBXShellScriptBuildPhase;
			buildActionMask = 2147483647;
			files = (
			);
			inputFileListPaths = (
				"${PODS_ROOT}/Target Support Files/Pods-DemoInstagram/Pods-DemoInstagram-resources-${CONFIGURATION}-input-files.xcfilelist",
			);
			name = "[CP] Copy Pods Resources";
			outputFileListPaths = (
				"${PODS_ROOT}/Target Support Files/Pods-DemoInstagram/Pods-DemoInstagram-resources-${CONFIGURATION}-output-files.xcfilelist",
			);
			runOnlyForDeploymentPostprocessing = 0;
			shellPath = /bin/sh;
			shellScript = "\"${PODS_ROOT}/Target Support Files/Pods-DemoInstagram/Pods-DemoInstagram-resources.sh\"\n";
			showEnvVarsInLog = 0;
		};
		BCDE7CFB87D629FB9CEFF7F9 /* [CP] Check Pods Manifest.lock */ = {
			isa = PBXShellScriptBuildPhase;
			buildActionMask = 2147483647;
			files = (
			);
			inputFileListPaths = (
			);
			inputPaths = (
				"${PODS_PODFILE_DIR_PATH}/Podfile.lock",
				"${PODS_ROOT}/Manifest.lock",
			);
			name = "[CP] Check Pods Manifest.lock";
			outputFileListPaths = (
			);
			outputPaths = (
				"$(DERIVED_FILE_DIR)/Pods-DemoInstagram-checkManifestLockResult.txt",
			);
			runOnlyForDeploymentPostprocessing = 0;
			shellPath = /bin/sh;
			shellScript = "diff \"${PODS_PODFILE_DIR_PATH}/Podfile.lock\" \"${PODS_ROOT}/Manifest.lock\" > /dev/null\nif [ $? != 0 ] ; then\n    # print error to STDERR\n    echo \"error: The sandbox is not in sync with the Podfile.lock. Run 'pod install' or update your CocoaPods installation.\" >&2\n    exit 1\nfi\n# This output is used by Xcode 'outputs' to avoid re-running this script phase.\necho \"SUCCESS\" > \"${SCRIPT_OUTPUT_FILE_0}\"\n";
			showEnvVarsInLog = 0;
		};
/* End PBXShellScriptBuildPhase section */

/* Begin PBXSourcesBuildPhase section */
		F2BAD18024BD808C009ED1E2 /* Sources */ = {
			isa = PBXSourcesBuildPhase;
			buildActionMask = 2147483647;
			files = (
				F2BAD18824BD808C009ED1E2 /* AppDelegate.swift in Sources */,
				F2BAD18A24BD808C009ED1E2 /* SceneDelegate.swift in Sources */,
				F2BAD18C24BD808C009ED1E2 /* ContentView.swift in Sources */,
			);
			runOnlyForDeploymentPostprocessing = 0;
		};
		F2BAD19624BD808D009ED1E2 /* Sources */ = {
			isa = PBXSourcesBuildPhase;
			buildActionMask = 2147483647;
			files = (
				F2BAD19F24BD808D009ED1E2 /* DemoInstagramTests.swift in Sources */,
			);
			runOnlyForDeploymentPostprocessing = 0;
		};
		F2BAD1A124BD808D009ED1E2 /* Sources */ = {
			isa = PBXSourcesBuildPhase;
			buildActionMask = 2147483647;
			files = (
				F2BAD1AA24BD808D009ED1E2 /* DemoInstagramUITests.swift in Sources */,
			);
			runOnlyForDeploymentPostprocessing = 0;
		};
/* End PBXSourcesBuildPhase section */

/* Begin PBXTargetDependency section */
		F2BAD19C24BD808D009ED1E2 /* PBXTargetDependency */ = {
			isa = PBXTargetDependency;
			target = F2BAD18324BD808C009ED1E2 /* DemoInstagram */;
			targetProxy = F2BAD19B24BD808D009ED1E2 /* PBXContainerItemProxy */;
		};
		F2BAD1A724BD808D009ED1E2 /* PBXTargetDependency */ = {
			isa = PBXTargetDependency;
			target = F2BAD18324BD808C009ED1E2 /* DemoInstagram */;
			targetProxy = F2BAD1A624BD808D009ED1E2 /* PBXContainerItemProxy */;
		};
/* End PBXTargetDependency section */

/* Begin PBXVariantGroup section */
		F2BAD19224BD808D009ED1E2 /* LaunchScreen.storyboard */ = {
			isa = PBXVariantGroup;
			children = (
				F2BAD19324BD808D009ED1E2 /* Base */,
			);
			name = LaunchScreen.storyboard;
			sourceTree = "<group>";
		};
/* End PBXVariantGroup section */

/* Begin XCBuildConfiguration section */
		F2BAD1AC24BD808D009ED1E2 /* Debug */ = {
			isa = XCBuildConfiguration;
			buildSettings = {
				ALWAYS_SEARCH_USER_PATHS = NO;
				CLANG_ANALYZER_NONNULL = YES;
				CLANG_ANALYZER_NUMBER_OBJECT_CONVERSION = YES_AGGRESSIVE;
				CLANG_CXX_LANGUAGE_STANDARD = "gnu++14";
				CLANG_CXX_LIBRARY = "libc++";
				CLANG_ENABLE_MODULES = YES;
				CLANG_ENABLE_OBJC_ARC = YES;
				CLANG_ENABLE_OBJC_WEAK = YES;
				CLANG_WARN_BLOCK_CAPTURE_AUTORELEASING = YES;
				CLANG_WARN_BOOL_CONVERSION = YES;
				CLANG_WARN_COMMA = YES;
				CLANG_WARN_CONSTANT_CONVERSION = YES;
				CLANG_WARN_DEPRECATED_OBJC_IMPLEMENTATIONS = YES;
				CLANG_WARN_DIRECT_OBJC_ISA_USAGE = YES_ERROR;
				CLANG_WARN_DOCUMENTATION_COMMENTS = YES;
				CLANG_WARN_EMPTY_BODY = YES;
				CLANG_WARN_ENUM_CONVERSION = YES;
				CLANG_WARN_INFINITE_RECURSION = YES;
				CLANG_WARN_INT_CONVERSION = YES;
				CLANG_WARN_NON_LITERAL_NULL_CONVERSION = YES;
				CLANG_WARN_OBJC_IMPLICIT_RETAIN_SELF = YES;
				CLANG_WARN_OBJC_LITERAL_CONVERSION = YES;
				CLANG_WARN_OBJC_ROOT_CLASS = YES_ERROR;
				CLANG_WARN_RANGE_LOOP_ANALYSIS = YES;
				CLANG_WARN_STRICT_PROTOTYPES = YES;
				CLANG_WARN_SUSPICIOUS_MOVE = YES;
				CLANG_WARN_UNGUARDED_AVAILABILITY = YES_AGGRESSIVE;
				CLANG_WARN_UNREACHABLE_CODE = YES;
				CLANG_WARN__DUPLICATE_METHOD_MATCH = YES;
				COPY_PHASE_STRIP = NO;
				DEBUG_INFORMATION_FORMAT = dwarf;
				ENABLE_STRICT_OBJC_MSGSEND = YES;
				ENABLE_TESTABILITY = YES;
				GCC_C_LANGUAGE_STANDARD = gnu11;
				GCC_DYNAMIC_NO_PIC = NO;
				GCC_NO_COMMON_BLOCKS = YES;
				GCC_OPTIMIZATION_LEVEL = 0;
				GCC_PREPROCESSOR_DEFINITIONS = (
					"DEBUG=1",
					"$(inherited)",
				);
				GCC_WARN_64_TO_32_BIT_CONVERSION = YES;
				GCC_WARN_ABOUT_RETURN_TYPE = YES_ERROR;
				GCC_WARN_UNDECLARED_SELECTOR = YES;
				GCC_WARN_UNINITIALIZED_AUTOS = YES_AGGRESSIVE;
				GCC_WARN_UNUSED_FUNCTION = YES;
				GCC_WARN_UNUSED_VARIABLE = YES;
				IPHONEOS_DEPLOYMENT_TARGET = 13.5;
				MTL_ENABLE_DEBUG_INFO = INCLUDE_SOURCE;
				MTL_FAST_MATH = YES;
				ONLY_ACTIVE_ARCH = YES;
				SDKROOT = iphoneos;
				SWIFT_ACTIVE_COMPILATION_CONDITIONS = DEBUG;
				SWIFT_OPTIMIZATION_LEVEL = "-Onone";
			};
			name = Debug;
		};
		F2BAD1AD24BD808D009ED1E2 /* Release */ = {
			isa = XCBuildConfiguration;
			buildSettings = {
				ALWAYS_SEARCH_USER_PATHS = NO;
				CLANG_ANALYZER_NONNULL = YES;
				CLANG_ANALYZER_NUMBER_OBJECT_CONVERSION = YES_AGGRESSIVE;
				CLANG_CXX_LANGUAGE_STANDARD = "gnu++14";
				CLANG_CXX_LIBRARY = "libc++";
				CLANG_ENABLE_MODULES = YES;
				CLANG_ENABLE_OBJC_ARC = YES;
				CLANG_ENABLE_OBJC_WEAK = YES;
				CLANG_WARN_BLOCK_CAPTURE_AUTORELEASING = YES;
				CLANG_WARN_BOOL_CONVERSION = YES;
				CLANG_WARN_COMMA = YES;
				CLANG_WARN_CONSTANT_CONVERSION = YES;
				CLANG_WARN_DEPRECATED_OBJC_IMPLEMENTATIONS = YES;
				CLANG_WARN_DIRECT_OBJC_ISA_USAGE = YES_ERROR;
				CLANG_WARN_DOCUMENTATION_COMMENTS = YES;
				CLANG_WARN_EMPTY_BODY = YES;
				CLANG_WARN_ENUM_CONVERSION = YES;
				CLANG_WARN_INFINITE_RECURSION = YES;
				CLANG_WARN_INT_CONVERSION = YES;
				CLANG_WARN_NON_LITERAL_NULL_CONVERSION = YES;
				CLANG_WARN_OBJC_IMPLICIT_RETAIN_SELF = YES;
				CLANG_WARN_OBJC_LITERAL_CONVERSION = YES;
				CLANG_WARN_OBJC_ROOT_CLASS = YES_ERROR;
				CLANG_WARN_RANGE_LOOP_ANALYSIS = YES;
				CLANG_WARN_STRICT_PROTOTYPES = YES;
				CLANG_WARN_SUSPICIOUS_MOVE = YES;
				CLANG_WARN_UNGUARDED_AVAILABILITY = YES_AGGRESSIVE;
				CLANG_WARN_UNREACHABLE_CODE = YES;
				CLANG_WARN__DUPLICATE_METHOD_MATCH = YES;
				COPY_PHASE_STRIP = NO;
				DEBUG_INFORMATION_FORMAT = "dwarf-with-dsym";
				ENABLE_NS_ASSERTIONS = NO;
				ENABLE_STRICT_OBJC_MSGSEND = YES;
				GCC_C_LANGUAGE_STANDARD = gnu11;
				GCC_NO_COMMON_BLOCKS = YES;
				GCC_WARN_64_TO_32_BIT_CONVERSION = YES;
				GCC_WARN_ABOUT_RETURN_TYPE = YES_ERROR;
				GCC_WARN_UNDECLARED_SELECTOR = YES;
				GCC_WARN_UNINITIALIZED_AUTOS = YES_AGGRESSIVE;
				GCC_WARN_UNUSED_FUNCTION = YES;
				GCC_WARN_UNUSED_VARIABLE = YES;
				IPHONEOS_DEPLOYMENT_TARGET = 13.5;
				MTL_ENABLE_DEBUG_INFO = NO;
				MTL_FAST_MATH = YES;
				SDKROOT = iphoneos;
				SWIFT_COMPILATION_MODE = wholemodule;
				SWIFT_OPTIMIZATION_LEVEL = "-O";
				VALIDATE_PRODUCT = YES;
			};
			name = Release;
		};
		F2BAD1AF24BD808D009ED1E2 /* Debug */ = {
			isa = XCBuildConfiguration;
			baseConfigurationReference = 324FDFE2B234FC8AC5DB5552 /* Pods-DemoInstagram.debug.xcconfig */;
			buildSettings = {
				ASSETCATALOG_COMPILER_APPICON_NAME = AppIcon;
				CODE_SIGN_STYLE = Automatic;
				DEVELOPMENT_ASSET_PATHS = "\"DemoInstagram/Preview Content\"";
				DEVELOPMENT_TEAM = RPTDRCVD26;
				ENABLE_PREVIEWS = YES;
				INFOPLIST_FILE = DemoInstagram/Info.plist;
				LD_RUNPATH_SEARCH_PATHS = (
					"$(inherited)",
					"@executable_path/Frameworks",
				);
				PRODUCT_BUNDLE_IDENTIFIER = "com.BaoVu-Apps.DemoInstagram";
				PRODUCT_NAME = "$(TARGET_NAME)";
				SWIFT_VERSION = 5.0;
				TARGETED_DEVICE_FAMILY = "1,2";
			};
			name = Debug;
		};
		F2BAD1B024BD808D009ED1E2 /* Release */ = {
			isa = XCBuildConfiguration;
			baseConfigurationReference = 2795B63694F6E857110678FD /* Pods-DemoInstagram.release.xcconfig */;
			buildSettings = {
				ASSETCATALOG_COMPILER_APPICON_NAME = AppIcon;
				CODE_SIGN_STYLE = Automatic;
				DEVELOPMENT_ASSET_PATHS = "\"DemoInstagram/Preview Content\"";
				DEVELOPMENT_TEAM = RPTDRCVD26;
				ENABLE_PREVIEWS = YES;
				INFOPLIST_FILE = DemoInstagram/Info.plist;
				LD_RUNPATH_SEARCH_PATHS = (
					"$(inherited)",
					"@executable_path/Frameworks",
				);
				PRODUCT_BUNDLE_IDENTIFIER = "com.BaoVu-Apps.DemoInstagram";
				PRODUCT_NAME = "$(TARGET_NAME)";
				SWIFT_VERSION = 5.0;
				TARGETED_DEVICE_FAMILY = "1,2";
			};
			name = Release;
		};
		F2BAD1B224BD808D009ED1E2 /* Debug */ = {
			isa = XCBuildConfiguration;
			buildSettings = {
				ALWAYS_EMBED_SWIFT_STANDARD_LIBRARIES = YES;
				BUNDLE_LOADER = "$(TEST_HOST)";
				CODE_SIGN_STYLE = Automatic;
				DEVELOPMENT_TEAM = RPTDRCVD26;
				INFOPLIST_FILE = DemoInstagramTests/Info.plist;
				IPHONEOS_DEPLOYMENT_TARGET = 13.5;
				LD_RUNPATH_SEARCH_PATHS = (
					"$(inherited)",
					"@executable_path/Frameworks",
					"@loader_path/Frameworks",
				);
				PRODUCT_BUNDLE_IDENTIFIER = "com.BaoVu-Apps.DemoInstagramTests";
				PRODUCT_NAME = "$(TARGET_NAME)";
				SWIFT_VERSION = 5.0;
				TARGETED_DEVICE_FAMILY = "1,2";
				TEST_HOST = "$(BUILT_PRODUCTS_DIR)/DemoInstagram.app/DemoInstagram";
			};
			name = Debug;
		};
		F2BAD1B324BD808D009ED1E2 /* Release */ = {
			isa = XCBuildConfiguration;
			buildSettings = {
				ALWAYS_EMBED_SWIFT_STANDARD_LIBRARIES = YES;
				BUNDLE_LOADER = "$(TEST_HOST)";
				CODE_SIGN_STYLE = Automatic;
				DEVELOPMENT_TEAM = RPTDRCVD26;
				INFOPLIST_FILE = DemoInstagramTests/Info.plist;
				IPHONEOS_DEPLOYMENT_TARGET = 13.5;
				LD_RUNPATH_SEARCH_PATHS = (
					"$(inherited)",
					"@executable_path/Frameworks",
					"@loader_path/Frameworks",
				);
				PRODUCT_BUNDLE_IDENTIFIER = "com.BaoVu-Apps.DemoInstagramTests";
				PRODUCT_NAME = "$(TARGET_NAME)";
				SWIFT_VERSION = 5.0;
				TARGETED_DEVICE_FAMILY = "1,2";
				TEST_HOST = "$(BUILT_PRODUCTS_DIR)/DemoInstagram.app/DemoInstagram";
			};
			name = Release;
		};
		F2BAD1B524BD808D009ED1E2 /* Debug */ = {
			isa = XCBuildConfiguration;
			buildSettings = {
				ALWAYS_EMBED_SWIFT_STANDARD_LIBRARIES = YES;
				CODE_SIGN_STYLE = Automatic;
				DEVELOPMENT_TEAM = RPTDRCVD26;
				INFOPLIST_FILE = DemoInstagramUITests/Info.plist;
				LD_RUNPATH_SEARCH_PATHS = (
					"$(inherited)",
					"@executable_path/Frameworks",
					"@loader_path/Frameworks",
				);
				PRODUCT_BUNDLE_IDENTIFIER = "com.BaoVu-Apps.DemoInstagramUITests";
				PRODUCT_NAME = "$(TARGET_NAME)";
				SWIFT_VERSION = 5.0;
				TARGETED_DEVICE_FAMILY = "1,2";
				TEST_TARGET_NAME = DemoInstagram;
			};
			name = Debug;
		};
		F2BAD1B624BD808D009ED1E2 /* Release */ = {
			isa = XCBuildConfiguration;
			buildSettings = {
				ALWAYS_EMBED_SWIFT_STANDARD_LIBRARIES = YES;
				CODE_SIGN_STYLE = Automatic;
				DEVELOPMENT_TEAM = RPTDRCVD26;
				INFOPLIST_FILE = DemoInstagramUITests/Info.plist;
				LD_RUNPATH_SEARCH_PATHS = (
					"$(inherited)",
					"@executable_path/Frameworks",
					"@loader_path/Frameworks",
				);
				PRODUCT_BUNDLE_IDENTIFIER = "com.BaoVu-Apps.DemoInstagramUITests";
				PRODUCT_NAME = "$(TARGET_NAME)";
				SWIFT_VERSION = 5.0;
				TARGETED_DEVICE_FAMILY = "1,2";
				TEST_TARGET_NAME = DemoInstagram;
			};
			name = Release;
		};
/* End XCBuildConfiguration section */

/* Begin XCConfigurationList section */
		F2BAD17F24BD808C009ED1E2 /* Build configuration list for PBXProject "DemoInstagram" */ = {
			isa = XCConfigurationList;
			buildConfigurations = (
				F2BAD1AC24BD808D009ED1E2 /* Debug */,
				F2BAD1AD24BD808D009ED1E2 /* Release */,
			);
			defaultConfigurationIsVisible = 0;
			defaultConfigurationName = Release;
		};
		F2BAD1AE24BD808D009ED1E2 /* Build configuration list for PBXNativeTarget "DemoInstagram" */ = {
			isa = XCConfigurationList;
			buildConfigurations = (
				F2BAD1AF24BD808D009ED1E2 /* Debug */,
				F2BAD1B024BD808D009ED1E2 /* Release */,
			);
			defaultConfigurationIsVisible = 0;
			defaultConfigurationName = Release;
		};
		F2BAD1B124BD808D009ED1E2 /* Build configuration list for PBXNativeTarget "DemoInstagramTests" */ = {
			isa = XCConfigurationList;
			buildConfigurations = (
				F2BAD1B224BD808D009ED1E2 /* Debug */,
				F2BAD1B324BD808D009ED1E2 /* Release */,
			);
			defaultConfigurationIsVisible = 0;
			defaultConfigurationName = Release;
		};
		F2BAD1B424BD808D009ED1E2 /* Build configuration list for PBXNativeTarget "DemoInstagramUITests" */ = {
			isa = XCConfigurationList;
			buildConfigurations = (
				F2BAD1B524BD808D009ED1E2 /* Debug */,
				F2BAD1B624BD808D009ED1E2 /* Release */,
			);
			defaultConfigurationIsVisible = 0;
			defaultConfigurationName = Release;
		};
/* End XCConfigurationList section */
	};
	rootObject = F2BAD17C24BD808C009ED1E2 /* Project object */;
}
